PODS:
  - Kingfisher (7.3.2)
  - SVProgressHUD (2.2.5)

DEPENDENCIES:
  - Kingfisher
  - SVProgressHUD

SPEC REPOS:
  trunk:
    - Kingfisher
    - SVProgressHUD

SPEC CHECKSUMS:
  Kingfisher: 0086ad83719761ba9b2cdaf6ef4d5b4878cbae23
  SVProgressHUD: 1428aafac632c1f86f62aa4243ec12008d7a51d6

PODFILE CHECKSUM: dbf287b645343e5b4bb73d12dc27cbff23dd3bf8

COCOAPODS: 1.11.3
